
Microsoft Visual Studio Solution File, Format Version 12.00
# Visual Studio Version 17
VisualStudioVersion = 17.7.34202.233
MinimumVisualStudioVersion = 10.0.40219.1
Project("{FAE04EC0-301F-11D3-BF4B-00C04F79EFBC}") = "CashierApplication", "CashierApplication.csproj", "{A850F38D-1402-4E0E-A4FF-4C659661F504}"
EndProject
Global
	GlobalSection(SolutionConfigurationPlatforms) = preSolution
		Debug|Any CPU = Debug|Any CPU
		Release|Any CPU = Release|Any CPU
	EndGlobalSection
	GlobalSection(ProjectConfigurationPlatforms) = postSolution
		{A850F38D-1402-4E0E-A4FF-4C659661F504}.Debug|Any CPU.ActiveCfg = Debug|Any CPU
		{A850F38D-1402-4E0E-A4FF-4C659661F504}.Debug|Any CPU.Build.0 = Debug|Any CPU
		{A850F38D-1402-4E0E-A4FF-4C659661F504}.Release|Any CPU.ActiveCfg = Release|Any CPU
		{A850F38D-1402-4E0E-A4FF-4C659661F504}.Release|Any CPU.Build.0 = Release|Any CPU
	EndGlobalSection
	GlobalSection(SolutionProperties) = preSolution
		HideSolutionNode = FALSE
	EndGlobalSection
	GlobalSection(ExtensibilityGlobals) = postSolution
		SolutionGuid = {9387EAC3-89CB-4BC1-A68B-F6A4F79C15E1}
	EndGlobalSection
EndGlobal
